
Microsoft Visual Studio Solution File, Format Version 12.00
# Visual Studio Version 16
VisualStudioVersion = 16.0.30413.136
MinimumVisualStudioVersion = 10.0.40219.1
Project("{FAE04EC0-301F-11D3-BF4B-00C04F79EFBC}") = "PokeDB", "Test\PokeDB.csproj", "{0D487F96-18E9-4C42-B1DE-70D407E559E1}"
EndProject
Project("{FAE04EC0-301F-11D3-BF4B-00C04F79EFBC}") = "Entrenador", "Cliente\Entrenador.csproj", "{1608816C-8D40-480F-9717-4FB713697213}"
EndProject
Global
	GlobalSection(SolutionConfigurationPlatforms) = preSolution
		Debug|Any CPU = Debug|Any CPU
		Release|Any CPU = Release|Any CPU
	EndGlobalSection
	GlobalSection(ProjectConfigurationPlatforms) = postSolution
		{0D487F96-18E9-4C42-B1DE-70D407E559E1}.Debug|Any CPU.ActiveCfg = Debug|Any CPU
		{0D487F96-18E9-4C42-B1DE-70D407E559E1}.Debug|Any CPU.Build.0 = Debug|Any CPU
		{0D487F96-18E9-4C42-B1DE-70D407E559E1}.Release|Any CPU.ActiveCfg = Release|Any CPU
		{0D487F96-18E9-4C42-B1DE-70D407E559E1}.Release|Any CPU.Build.0 = Release|Any CPU
		{1608816C-8D40-480F-9717-4FB713697213}.Debug|Any CPU.ActiveCfg = Debug|Any CPU
		{1608816C-8D40-480F-9717-4FB713697213}.Debug|Any CPU.Build.0 = Debug|Any CPU
		{1608816C-8D40-480F-9717-4FB713697213}.Release|Any CPU.ActiveCfg = Release|Any CPU
		{1608816C-8D40-480F-9717-4FB713697213}.Release|Any CPU.Build.0 = Release|Any CPU
	EndGlobalSection
	GlobalSection(SolutionProperties) = preSolution
		HideSolutionNode = FALSE
	EndGlobalSection
	GlobalSection(ExtensibilityGlobals) = postSolution
		SolutionGuid = {6812EF78-26F9-4A8E-B9C7-5CB7A058F78E}
	EndGlobalSection
EndGlobal
